
Microsoft Visual Studio Solution File, Format Version 12.00
# Visual Studio 15
VisualStudioVersion = 15.0.28010.2016
MinimumVisualStudioVersion = 10.0.40219.1
Project("{FAE04EC0-301F-11D3-BF4B-00C04F79EFBC}") = "dnevnik", "dnevnik\dnevnik.csproj", "{634B0F0A-26FF-4F42-BC92-5C00914AC6CC}"
EndProject
Global
	GlobalSection(SolutionConfigurationPlatforms) = preSolution
		Debug|Any CPU = Debug|Any CPU
		Release|Any CPU = Release|Any CPU
	EndGlobalSection
	GlobalSection(ProjectConfigurationPlatforms) = postSolution
		{634B0F0A-26FF-4F42-BC92-5C00914AC6CC}.Debug|Any CPU.ActiveCfg = Debug|Any CPU
		{634B0F0A-26FF-4F42-BC92-5C00914AC6CC}.Debug|Any CPU.Build.0 = Debug|Any CPU
		{634B0F0A-26FF-4F42-BC92-5C00914AC6CC}.Release|Any CPU.ActiveCfg = Release|Any CPU
		{634B0F0A-26FF-4F42-BC92-5C00914AC6CC}.Release|Any CPU.Build.0 = Release|Any CPU
	EndGlobalSection
	GlobalSection(SolutionProperties) = preSolution
		HideSolutionNode = FALSE
	EndGlobalSection
	GlobalSection(ExtensibilityGlobals) = postSolution
		SolutionGuid = {B6BC5B24-E416-4BDF-A25D-536FB1B1CBCD}
	EndGlobalSection
EndGlobal
